
Microsoft Visual Studio Solution File, Format Version 12.00
# Visual Studio Version 16
VisualStudioVersion = 16.0.809.6
MinimumVisualStudioVersion = 10.0.40219.1
Project("{D954291E-2A0B-460D-934E-DC6B0785DB48}") = "reef.shared", "reef.shared\reef.shared.shproj", "{A0CDBD0E-3A41-42B7-9425-A838BC2C7383}"
EndProject
Project("{9A19103F-16F7-4668-BE54-9A1E7A4F7556}") = "reef.testing", "reef.testing\reef.testing.csproj", "{D7063F4D-2C9F-4517-9CB8-8143D9642A40}"
EndProject
Project("{FAE04EC0-301F-11D3-BF4B-00C04F79EFBC}") = "reef.android", "reef.android\reef.android.csproj", "{2F253305-96AE-48D9-A8C9-45ED5C42E509}"
EndProject
Global
	GlobalSection(SharedMSBuildProjectFiles) = preSolution
		reef.shared\reef.shared.projitems*{2f253305-96ae-48d9-a8c9-45ed5c42e509}*SharedItemsImports = 4
		reef.shared\reef.shared.projitems*{a0cdbd0e-3a41-42b7-9425-a838bc2c7383}*SharedItemsImports = 13
		reef.shared\reef.shared.projitems*{d7063f4d-2c9f-4517-9cb8-8143d9642a40}*SharedItemsImports = 5
	EndGlobalSection
	GlobalSection(SolutionConfigurationPlatforms) = preSolution
		Debug|anycpu = Debug|anycpu
		Release|anycpu = Release|anycpu
	EndGlobalSection
	GlobalSection(ProjectConfigurationPlatforms) = postSolution
		{D7063F4D-2C9F-4517-9CB8-8143D9642A40}.Debug|anycpu.ActiveCfg = Debug|Any CPU
		{D7063F4D-2C9F-4517-9CB8-8143D9642A40}.Debug|anycpu.Build.0 = Debug|Any CPU
		{D7063F4D-2C9F-4517-9CB8-8143D9642A40}.Release|anycpu.ActiveCfg = Release|Any CPU
		{D7063F4D-2C9F-4517-9CB8-8143D9642A40}.Release|anycpu.Build.0 = Release|Any CPU
		{2F253305-96AE-48D9-A8C9-45ED5C42E509}.Debug|anycpu.ActiveCfg = Debug|Any CPU
		{2F253305-96AE-48D9-A8C9-45ED5C42E509}.Debug|anycpu.Build.0 = Debug|Any CPU
		{2F253305-96AE-48D9-A8C9-45ED5C42E509}.Debug|anycpu.Deploy.0 = Debug|Any CPU
		{2F253305-96AE-48D9-A8C9-45ED5C42E509}.Release|anycpu.ActiveCfg = Release|Any CPU
		{2F253305-96AE-48D9-A8C9-45ED5C42E509}.Release|anycpu.Build.0 = Release|Any CPU
		{2F253305-96AE-48D9-A8C9-45ED5C42E509}.Release|anycpu.Deploy.0 = Release|Any CPU
	EndGlobalSection
	GlobalSection(SolutionProperties) = preSolution
		HideSolutionNode = FALSE
	EndGlobalSection
	GlobalSection(ExtensibilityGlobals) = postSolution
		SolutionGuid = {A65AAB84-1F69-4D28-A38F-1B46298E88BD}
	EndGlobalSection
EndGlobal
