
Microsoft Visual Studio Solution File, Format Version 12.00
# Visual Studio Version 16
VisualStudioVersion = 16.0.809.6
MinimumVisualStudioVersion = 10.0.40219.1
Project("{FAE04EC0-301F-11D3-BF4B-00C04F79EFBC}") = "reef.android", "reef.android.csproj", "{02B8060F-DF78-49F2-9C56-345EC8428474}"
EndProject
Global
	GlobalSection(SolutionConfigurationPlatforms) = preSolution
		Debug|Any CPU = Debug|Any CPU
		Release|Any CPU = Release|Any CPU
	EndGlobalSection
	GlobalSection(ProjectConfigurationPlatforms) = postSolution
		{02B8060F-DF78-49F2-9C56-345EC8428474}.Debug|Any CPU.ActiveCfg = Debug|Any CPU
		{02B8060F-DF78-49F2-9C56-345EC8428474}.Debug|Any CPU.Build.0 = Debug|Any CPU
		{02B8060F-DF78-49F2-9C56-345EC8428474}.Release|Any CPU.ActiveCfg = Release|Any CPU
		{02B8060F-DF78-49F2-9C56-345EC8428474}.Release|Any CPU.Build.0 = Release|Any CPU
	EndGlobalSection
	GlobalSection(SolutionProperties) = preSolution
		HideSolutionNode = FALSE
	EndGlobalSection
	GlobalSection(ExtensibilityGlobals) = postSolution
		SolutionGuid = {4CCF0626-C39E-41C0-93CB-9EF6E6C98524}
	EndGlobalSection
EndGlobal
